
Microsoft Visual Studio Solution File, Format Version 12.00
# Visual Studio Version 17
VisualStudioVersion = 17.0.32112.339
MinimumVisualStudioVersion = 10.0.40219.1
Project("{2150E333-8FDC-42A3-9474-1A3956D46DE8}") = "src", "src", "{AFC0E16E-795D-44CD-802E-C286CDD4AA51}"
EndProject
Project("{9A19103F-16F7-4668-BE54-9A1E7A4F7556}") = "MakeYourBusinessGreen.Domain", "src\MakeYourBusinessGreen.Domain\MakeYourBusinessGreen.Domain.csproj", "{B42A881D-5331-40BA-9979-534E951F1424}"
EndProject
Project("{2150E333-8FDC-42A3-9474-1A3956D46DE8}") = "tests", "tests", "{C13AD154-6844-4A01-9C47-6D4CC14DEBBD}"
EndProject
Project("{9A19103F-16F7-4668-BE54-9A1E7A4F7556}") = "MakeYourBusinessGreen.Application", "src\MakeYourBusinessGreen.Application\MakeYourBusinessGreen.Application.csproj", "{1B8D8562-1A6D-49CE-9FB6-1762A53251F2}"
EndProject
Project("{9A19103F-16F7-4668-BE54-9A1E7A4F7556}") = "MakeYourBusinessGreen.Infastructure", "src\MakeYourBusinessGreen.Infastructure\MakeYourBusinessGreen.Infastructure.csproj", "{B7C5A27E-E2B0-41A2-BCE4-B9DEB5175AF2}"
EndProject
Project("{9A19103F-16F7-4668-BE54-9A1E7A4F7556}") = "MakeYourBusinessGreen.Api", "src\MakeYourBusinessGreen.Api\MakeYourBusinessGreen.Api.csproj", "{46CE6CEE-E3A5-44CB-9C9D-5725C327A0B5}"
EndProject
Project("{9A19103F-16F7-4668-BE54-9A1E7A4F7556}") = "MakeYourBusinessGreen.Domain.Tests.Unit", "tests\MakeYourBusinessGreen.Domain.Tests.Unit\MakeYourBusinessGreen.Domain.Tests.Unit.csproj", "{8444EEBC-B181-454B-80B7-C4CB91B7FC8C}"
EndProject
Project("{9A19103F-16F7-4668-BE54-9A1E7A4F7556}") = "MakeYourBusinessGreen.Application.Tests.Unit", "tests\MakeYourBusinessGreen.Application.Tests.Unit\MakeYourBusinessGreen.Application.Tests.Unit.csproj", "{4A78AAD1-B771-4794-A341-82209FED5F8C}"
EndProject
Project("{9A19103F-16F7-4668-BE54-9A1E7A4F7556}") = "MakeYourBusinessGreen.Infastructure.Tests.Unit", "tests\MakeYourBusinessGreen.Infastructure.Tests.Unit\MakeYourBusinessGreen.Infastructure.Tests.Unit.csproj", "{27CBD725-4DDE-465A-9BEC-BC886794E2F0}"
EndProject
Project("{9A19103F-16F7-4668-BE54-9A1E7A4F7556}") = "MakeYourBusinessGreen.Tests.Integration", "tests\MakeYourBusinessGreen.Tests.Integration\MakeYourBusinessGreen.Tests.Integration.csproj", "{8428A1C1-F56D-4C59-8EAF-47314E034121}"
EndProject
Global
	GlobalSection(SolutionConfigurationPlatforms) = preSolution
		Debug|Any CPU = Debug|Any CPU
		Release|Any CPU = Release|Any CPU
	EndGlobalSection
	GlobalSection(ProjectConfigurationPlatforms) = postSolution
		{B42A881D-5331-40BA-9979-534E951F1424}.Debug|Any CPU.ActiveCfg = Debug|Any CPU
		{B42A881D-5331-40BA-9979-534E951F1424}.Debug|Any CPU.Build.0 = Debug|Any CPU
		{B42A881D-5331-40BA-9979-534E951F1424}.Release|Any CPU.ActiveCfg = Release|Any CPU
		{B42A881D-5331-40BA-9979-534E951F1424}.Release|Any CPU.Build.0 = Release|Any CPU
		{1B8D8562-1A6D-49CE-9FB6-1762A53251F2}.Debug|Any CPU.ActiveCfg = Debug|Any CPU
		{1B8D8562-1A6D-49CE-9FB6-1762A53251F2}.Debug|Any CPU.Build.0 = Debug|Any CPU
		{1B8D8562-1A6D-49CE-9FB6-1762A53251F2}.Release|Any CPU.ActiveCfg = Release|Any CPU
		{1B8D8562-1A6D-49CE-9FB6-1762A53251F2}.Release|Any CPU.Build.0 = Release|Any CPU
		{B7C5A27E-E2B0-41A2-BCE4-B9DEB5175AF2}.Debug|Any CPU.ActiveCfg = Debug|Any CPU
		{B7C5A27E-E2B0-41A2-BCE4-B9DEB5175AF2}.Debug|Any CPU.Build.0 = Debug|Any CPU
		{B7C5A27E-E2B0-41A2-BCE4-B9DEB5175AF2}.Release|Any CPU.ActiveCfg = Release|Any CPU
		{B7C5A27E-E2B0-41A2-BCE4-B9DEB5175AF2}.Release|Any CPU.Build.0 = Release|Any CPU
		{46CE6CEE-E3A5-44CB-9C9D-5725C327A0B5}.Debug|Any CPU.ActiveCfg = Debug|Any CPU
		{46CE6CEE-E3A5-44CB-9C9D-5725C327A0B5}.Debug|Any CPU.Build.0 = Debug|Any CPU
		{46CE6CEE-E3A5-44CB-9C9D-5725C327A0B5}.Release|Any CPU.ActiveCfg = Release|Any CPU
		{46CE6CEE-E3A5-44CB-9C9D-5725C327A0B5}.Release|Any CPU.Build.0 = Release|Any CPU
		{8444EEBC-B181-454B-80B7-C4CB91B7FC8C}.Debug|Any CPU.ActiveCfg = Debug|Any CPU
		{8444EEBC-B181-454B-80B7-C4CB91B7FC8C}.Debug|Any CPU.Build.0 = Debug|Any CPU
		{8444EEBC-B181-454B-80B7-C4CB91B7FC8C}.Release|Any CPU.ActiveCfg = Release|Any CPU
		{8444EEBC-B181-454B-80B7-C4CB91B7FC8C}.Release|Any CPU.Build.0 = Release|Any CPU
		{4A78AAD1-B771-4794-A341-82209FED5F8C}.Debug|Any CPU.ActiveCfg = Debug|Any CPU
		{4A78AAD1-B771-4794-A341-82209FED5F8C}.Debug|Any CPU.Build.0 = Debug|Any CPU
		{4A78AAD1-B771-4794-A341-82209FED5F8C}.Release|Any CPU.ActiveCfg = Release|Any CPU
		{4A78AAD1-B771-4794-A341-82209FED5F8C}.Release|Any CPU.Build.0 = Release|Any CPU
		{27CBD725-4DDE-465A-9BEC-BC886794E2F0}.Debug|Any CPU.ActiveCfg = Debug|Any CPU
		{27CBD725-4DDE-465A-9BEC-BC886794E2F0}.Debug|Any CPU.Build.0 = Debug|Any CPU
		{27CBD725-4DDE-465A-9BEC-BC886794E2F0}.Release|Any CPU.ActiveCfg = Release|Any CPU
		{27CBD725-4DDE-465A-9BEC-BC886794E2F0}.Release|Any CPU.Build.0 = Release|Any CPU
		{8428A1C1-F56D-4C59-8EAF-47314E034121}.Debug|Any CPU.ActiveCfg = Debug|Any CPU
		{8428A1C1-F56D-4C59-8EAF-47314E034121}.Debug|Any CPU.Build.0 = Debug|Any CPU
		{8428A1C1-F56D-4C59-8EAF-47314E034121}.Release|Any CPU.ActiveCfg = Release|Any CPU
		{8428A1C1-F56D-4C59-8EAF-47314E034121}.Release|Any CPU.Build.0 = Release|Any CPU
	EndGlobalSection
	GlobalSection(SolutionProperties) = preSolution
		HideSolutionNode = FALSE
	EndGlobalSection
	GlobalSection(NestedProjects) = preSolution
		{B42A881D-5331-40BA-9979-534E951F1424} = {AFC0E16E-795D-44CD-802E-C286CDD4AA51}
		{1B8D8562-1A6D-49CE-9FB6-1762A53251F2} = {AFC0E16E-795D-44CD-802E-C286CDD4AA51}
		{B7C5A27E-E2B0-41A2-BCE4-B9DEB5175AF2} = {AFC0E16E-795D-44CD-802E-C286CDD4AA51}
		{46CE6CEE-E3A5-44CB-9C9D-5725C327A0B5} = {AFC0E16E-795D-44CD-802E-C286CDD4AA51}
		{8444EEBC-B181-454B-80B7-C4CB91B7FC8C} = {C13AD154-6844-4A01-9C47-6D4CC14DEBBD}
		{4A78AAD1-B771-4794-A341-82209FED5F8C} = {C13AD154-6844-4A01-9C47-6D4CC14DEBBD}
		{27CBD725-4DDE-465A-9BEC-BC886794E2F0} = {C13AD154-6844-4A01-9C47-6D4CC14DEBBD}
		{8428A1C1-F56D-4C59-8EAF-47314E034121} = {C13AD154-6844-4A01-9C47-6D4CC14DEBBD}
	EndGlobalSection
	GlobalSection(ExtensibilityGlobals) = postSolution
		SolutionGuid = {E56A6E36-563F-4895-A9BC-B7BC8F68D106}
	EndGlobalSection
EndGlobal
